
Microsoft Visual Studio Solution File, Format Version 12.00
# Visual Studio Version 16
VisualStudioVersion = 16.0.30011.22
MinimumVisualStudioVersion = 10.0.40219.1
Project("{888888A0-9F3D-457C-B088-3A5042F75D52}") = "lotto", "lotto\lotto.pyproj", "{C8AD08BD-0E26-472F-8304-7095DDCFCD8F}"
EndProject
Global
	GlobalSection(SolutionConfigurationPlatforms) = preSolution
		Debug|Any CPU = Debug|Any CPU
		Release|Any CPU = Release|Any CPU
	EndGlobalSection
	GlobalSection(ProjectConfigurationPlatforms) = postSolution
		{C8AD08BD-0E26-472F-8304-7095DDCFCD8F}.Debug|Any CPU.ActiveCfg = Debug|Any CPU
		{C8AD08BD-0E26-472F-8304-7095DDCFCD8F}.Release|Any CPU.ActiveCfg = Release|Any CPU
	EndGlobalSection
	GlobalSection(SolutionProperties) = preSolution
		HideSolutionNode = FALSE
	EndGlobalSection
	GlobalSection(ExtensibilityGlobals) = postSolution
		SolutionGuid = {D8846CA8-991F-42B1-B9B0-FE6C0733BFCB}
	EndGlobalSection
EndGlobal
